
Microsoft Visual Studio Solution File, Format Version 12.00
# Visual Studio 15
VisualStudioVersion = 15.0.28307.852
MinimumVisualStudioVersion = 10.0.40219.1
Project("{9092AA53-FB77-4645-B42D-1CCCA6BD08BD}") = "Lab3", "Lab3\Lab3.njsproj", "{EBB1673D-A7B8-4DCB-9D56-5E5D73E1CC72}"
EndProject
Global
	GlobalSection(SolutionConfigurationPlatforms) = preSolution
		Debug|Any CPU = Debug|Any CPU
		Release|Any CPU = Release|Any CPU
	EndGlobalSection
	GlobalSection(ProjectConfigurationPlatforms) = postSolution
		{EBB1673D-A7B8-4DCB-9D56-5E5D73E1CC72}.Debug|Any CPU.ActiveCfg = Debug|Any CPU
		{EBB1673D-A7B8-4DCB-9D56-5E5D73E1CC72}.Debug|Any CPU.Build.0 = Debug|Any CPU
		{EBB1673D-A7B8-4DCB-9D56-5E5D73E1CC72}.Release|Any CPU.ActiveCfg = Release|Any CPU
		{EBB1673D-A7B8-4DCB-9D56-5E5D73E1CC72}.Release|Any CPU.Build.0 = Release|Any CPU
	EndGlobalSection
	GlobalSection(SolutionProperties) = preSolution
		HideSolutionNode = FALSE
	EndGlobalSection
	GlobalSection(ExtensibilityGlobals) = postSolution
		SolutionGuid = {C733EED4-578C-488B-8819-E10AE44F49DE}
	EndGlobalSection
EndGlobal
